{
    "_meta": {
        "hash": {
            "sha256": "fc3e8ff5b39a91c96435f7cdc1d6072a0d002531064213ddce1cc475d0f37e56"
        },
        "pipfile-spec": 6,
        "requires": {
            "python_version": "3.7"
        },
        "sources": [
            {
                "name": "pypi",
                "url": "https://pypi.org/simple",
                "verify_ssl": true
            }
        ]
    },
    "default": {
        "numpy": {
            "hashes": [
                "sha256:01e0f739d2dd40bccb8667f23bc26077d72ee22ac9cb4671111c680e2a067409",
                "sha256:0e415dc0509f3b44f3cbd0bc994a5862bc41a2301c2db1fe4a01259e0b3d9999",
                "sha256:0e574d32e251510ed8ccd1f354f4f77ae380278e294c98e5f87cde51f8775cd0",
                "sha256:1b46bbd810519dd3f75c7654346ef8cbc85164e9fbf263e6ab886a7b5414b4be",
                "sha256:21b1a68dffca1af1936d35d40afbeda30e290ab2d398f6af6cc79bfa23e9957b",
                "sha256:2360b5e6ca1929db1d5132933340bdc15c37c75c8cb9f2f1d7ee63ccf8df25e0",
                "sha256:35c8f2d7b5748f87631f65502b547723c85064ef57c9f131333a2c4cf793efaa",
                "sha256:487034fb9f0d0a98d200b2b304dd6ca7e14b563749c184b3e9f5fb6f0b61b8e3",
                "sha256:50fc29e91ffd3052c0f2faae577e6e6792df3017100d7b9683b158c44e0a21cd",
                "sha256:63279153109be338363f593f1d30b61412fc1bca258d0673244a6ae2d70fe743",
                "sha256:6a8be628e8269c40024bb5178de25c06950eaaea99afd9784a3980f550ff7679",
                "sha256:7e00fb54174d797fff2b158223805dccc2026bce6daddbb3e5ea2b7d92304d24",
                "sha256:a11e133d0de38868c3b732f0bb047ce1a2b25f37c49b841acc52ca5522095dca",
                "sha256:c8c589628445247aebe030d456d1115de072d7f6ecc3ed5f7463f05b37dd54f6",
                "sha256:ce4f4b9dd33fcf5b0b2fb37cb4b48668f8f2ed579d55d9799216f5a46c3009bd",
                "sha256:f53df05f9ca4ec5d72709ffe349704f1f7d945ed59e815574b5c5687acb282c4"
            ],
            "index": "pypi",
            "version": "==1.17.0rc1"
        },
        "pprint": {
            "hashes": [
                "sha256:c0fa22d1462351671ca098e9779bb26a23880011e93eea5f199a150ee7b92a16"
            ],
            "index": "pypi",
            "version": "==0.1"
        }
    },
    "develop": {
        "appdirs": {
            "hashes": [
                "sha256:9e5896d1372858f8dd3344faf4e5014d21849c756c8d5701f78f8a103b372d92",
                "sha256:d8b24664561d0d34ddfaec54636d502d7cea6e29c3eaf68f3df6180863e2166e"
            ],
            "version": "==1.4.3"
        },
        "attrs": {
            "hashes": [
                "sha256:69c0dbf2ed392de1cb5ec704444b08a5ef81680a61cb899dc08127123af36a79",
                "sha256:f0b870f674851ecbfbbbd364d6b5cbdff9dcedbc7f3f5e18a6891057f21fe399"
            ],
            "version": "==19.1.0"
        },
        "black": {
            "hashes": [
                "sha256:09a9dcb7c46ed496a9850b76e4e825d6049ecd38b611f1224857a79bd985a8cf",
                "sha256:68950ffd4d9169716bcb8719a56c07a2f4485354fec061cdd5910aa07369731c"
            ],
            "index": "pypi",
            "version": "==19.3b0"
        },
        "click": {
            "hashes": [
                "sha256:2335065e6395b9e67ca716de5f7526736bfa6ceead690adf616d925bdc622b13",
                "sha256:5b94b49521f6456670fdb30cd82a4eca9412788a93fa6dd6df72c94d5a8ff2d7"
            ],
            "version": "==7.0"
        },
        "toml": {
            "hashes": [
                "sha256:229f81c57791a41d65e399fc06bf0848bab550a9dfd5ed66df18ce5f05e73d5c",
                "sha256:235682dd292d5899d361a811df37e04a8828a5b1da3115886b73cf81ebc9100e"
            ],
            "version": "==0.10.0"
        }
    }
}
